
Microsoft Visual Studio Solution File, Format Version 12.00
# Visual Studio Version 17
VisualStudioVersion = 17.9.34714.143
MinimumVisualStudioVersion = 10.0.40219.1
Project("{FAE04EC0-301F-11D3-BF4B-00C04F79EFBC}") = "QLSACH", "QLSACH.csproj", "{D7996988-BA7C-48C6-BF76-72428684D8FE}"
EndProject
Global
	GlobalSection(SolutionConfigurationPlatforms) = preSolution
		Debug|Any CPU = Debug|Any CPU
		Release|Any CPU = Release|Any CPU
	EndGlobalSection
	GlobalSection(ProjectConfigurationPlatforms) = postSolution
		{D7996988-BA7C-48C6-BF76-72428684D8FE}.Debug|Any CPU.ActiveCfg = Debug|Any CPU
		{D7996988-BA7C-48C6-BF76-72428684D8FE}.Debug|Any CPU.Build.0 = Debug|Any CPU
		{D7996988-BA7C-48C6-BF76-72428684D8FE}.Release|Any CPU.ActiveCfg = Release|Any CPU
		{D7996988-BA7C-48C6-BF76-72428684D8FE}.Release|Any CPU.Build.0 = Release|Any CPU
	EndGlobalSection
	GlobalSection(SolutionProperties) = preSolution
		HideSolutionNode = FALSE
	EndGlobalSection
	GlobalSection(ExtensibilityGlobals) = postSolution
		SolutionGuid = {2DC9FF0C-6483-43DC-9928-2277E3DB7BCE}
	EndGlobalSection
EndGlobal
