
Microsoft Visual Studio Solution File, Format Version 12.00
# Visual Studio Version 17
VisualStudioVersion = 17.8.34525.116
MinimumVisualStudioVersion = 10.0.40219.1
Project("{FAE04EC0-301F-11D3-BF4B-00C04F79EFBC}") = "PTTK_HT", "PTTK_HT.csproj", "{FD2D8D2A-7611-4D3B-AE96-CA2CE5DDF4B7}"
EndProject
Global
	GlobalSection(SolutionConfigurationPlatforms) = preSolution
		Debug|Any CPU = Debug|Any CPU
		Release|Any CPU = Release|Any CPU
	EndGlobalSection
	GlobalSection(ProjectConfigurationPlatforms) = postSolution
		{FD2D8D2A-7611-4D3B-AE96-CA2CE5DDF4B7}.Debug|Any CPU.ActiveCfg = Debug|Any CPU
		{FD2D8D2A-7611-4D3B-AE96-CA2CE5DDF4B7}.Debug|Any CPU.Build.0 = Debug|Any CPU
		{FD2D8D2A-7611-4D3B-AE96-CA2CE5DDF4B7}.Release|Any CPU.ActiveCfg = Release|Any CPU
		{FD2D8D2A-7611-4D3B-AE96-CA2CE5DDF4B7}.Release|Any CPU.Build.0 = Release|Any CPU
	EndGlobalSection
	GlobalSection(SolutionProperties) = preSolution
		HideSolutionNode = FALSE
	EndGlobalSection
	GlobalSection(ExtensibilityGlobals) = postSolution
		SolutionGuid = {BD510D2B-B1A3-4A60-A55A-17F3F3716FFF}
	EndGlobalSection
EndGlobal
